// !$*UTF8*$!
{
	archiveVersion = 1;
	classes = {
	};
	objectVersion = 56;
	objects = {

/* Begin PBXBuildFile section */
		145E481D2930A1700060647F /* AudioPlayer.swift in Sources */ = {isa = PBXBuildFile; fileRef = 145E481C2930A1700060647F /* AudioPlayer.swift */; };
		14A4A6402920B23E00EF1C11 /* RestartApp.swift in Sources */ = {isa = PBXBuildFile; fileRef = 14A4A63F2920B23E00EF1C11 /* RestartApp.swift */; };
		14A4A6422920B23E00EF1C11 /* ContentView.swift in Sources */ = {isa = PBXBuildFile; fileRef = 14A4A6412920B23E00EF1C11 /* ContentView.swift */; };
		14A4A6442920B24000EF1C11 /* Assets.xcassets in Resources */ = {isa = PBXBuildFile; fileRef = 14A4A6432920B24000EF1C11 /* Assets.xcassets */; };
		14A4A6472920B24000EF1C11 /* Preview Assets.xcassets in Resources */ = {isa = PBXBuildFile; fileRef = 14A4A6462920B24000EF1C11 /* Preview Assets.xcassets */; };
		14A4A64F2920B43300EF1C11 /* success.m4a in Resources */ = {isa = PBXBuildFile; fileRef = 14A4A64D2920B43300EF1C11 /* success.m4a */; };
		14A4A6502920B43300EF1C11 /* chimeup.mp3 in Resources */ = {isa = PBXBuildFile; fileRef = 14A4A64E2920B43300EF1C11 /* chimeup.mp3 */; };
		14A4A65A2920BA7400EF1C11 /* OnboardingView.swift in Sources */ = {isa = PBXBuildFile; fileRef = 14A4A6592920BA7400EF1C11 /* OnboardingView.swift */; };
		14A4A65C2920BA7F00EF1C11 /* HomeView.swift in Sources */ = {isa = PBXBuildFile; fileRef = 14A4A65B2920BA7F00EF1C11 /* HomeView.swift */; };
		14F1E54B2928ABA200AAB80F /* CircleGroupView.swift in Sources */ = {isa = PBXBuildFile; fileRef = 14F1E54A2928ABA200AAB80F /* CircleGroupView.swift */; };
/* End PBXBuildFile section */

/* Begin PBXFileReference section */
		145E481C2930A1700060647F /* AudioPlayer.swift */ = {isa = PBXFileReference; lastKnownFileType = sourcecode.swift; path = AudioPlayer.swift; sourceTree = "<group>"; };
		14A4A63C2920B23E00EF1C11 /* Restart.app */ = {isa = PBXFileReference; explicitFileType = wrapper.application; includeInIndex = 0; path = Restart.app; sourceTree = BUILT_PRODUCTS_DIR; };
		14A4A63F2920B23E00EF1C11 /* RestartApp.swift */ = {isa = PBXFileReference; lastKnownFileType = sourcecode.swift; path = RestartApp.swift; sourceTree = "<group>"; };
		14A4A6412920B23E00EF1C11 /* ContentView.swift */ = {isa = PBXFileReference; lastKnownFileType = sourcecode.swift; path = ContentView.swift; sourceTree = "<group>"; };
		14A4A6432920B24000EF1C11 /* Assets.xcassets */ = {isa = PBXFileReference; lastKnownFileType = folder.assetcatalog; path = Assets.xcassets; sourceTree = "<group>"; };
		14A4A6462920B24000EF1C11 /* Preview Assets.xcassets */ = {isa = PBXFileReference; lastKnownFileType = folder.assetcatalog; path = "Preview Assets.xcassets"; sourceTree = "<group>"; };
		14A4A64D2920B43300EF1C11 /* success.m4a */ = {isa = PBXFileReference; lastKnownFileType = file; path = success.m4a; sourceTree = "<group>"; };
		14A4A64E2920B43300EF1C11 /* chimeup.mp3 */ = {isa = PBXFileReference; lastKnownFileType = audio.mp3; path = chimeup.mp3; sourceTree = "<group>"; };
		14A4A6592920BA7400EF1C11 /* OnboardingView.swift */ = {isa = PBXFileReference; lastKnownFileType = sourcecode.swift; path = OnboardingView.swift; sourceTree = "<group>"; };
		14A4A65B2920BA7F00EF1C11 /* HomeView.swift */ = {isa = PBXFileReference; lastKnownFileType = sourcecode.swift; path = HomeView.swift; sourceTree = "<group>"; };
		14F1E54A2928ABA200AAB80F /* CircleGroupView.swift */ = {isa = PBXFileReference; lastKnownFileType = sourcecode.swift; path = CircleGroupView.swift; sourceTree = "<group>"; };
/* End PBXFileReference section */

/* Begin PBXFrameworksBuildPhase section */
		14A4A6392920B23E00EF1C11 /* Frameworks */ = {
			isa = PBXFrameworksBuildPhase;
			buildActionMask = 2147483647;
			files = (
			);
			runOnlyForDeploymentPostprocessing = 0;
		};
/* End PBXFrameworksBuildPhase section */

/* Begin PBXGroup section */
		14A4A6332920B23E00EF1C11 = {
			isa = PBXGroup;
			children = (
				14A4A63E2920B23E00EF1C11 /* Restart */,
				14A4A63D2920B23E00EF1C11 /* Products */,
			);
			sourceTree = "<group>";
		};
		14A4A63D2920B23E00EF1C11 /* Products */ = {
			isa = PBXGroup;
			children = (
				14A4A63C2920B23E00EF1C11 /* Restart.app */,
			);
			name = Products;
			sourceTree = "<group>";
		};
		14A4A63E2920B23E00EF1C11 /* Restart */ = {
			isa = PBXGroup;
			children = (
				14A4A6532920B55D00EF1C11 /* Views */,
				14A4A6512920B43900EF1C11 /* Sounds */,
				14A4A63F2920B23E00EF1C11 /* RestartApp.swift */,
				14A4A6522920B54800EF1C11 /* Screens */,
				14A4A6542920B57600EF1C11 /* Utilities */,
				14A4A6432920B24000EF1C11 /* Assets.xcassets */,
				14A4A6452920B24000EF1C11 /* Preview Content */,
			);
			path = Restart;
			sourceTree = "<group>";
		};
		14A4A6452920B24000EF1C11 /* Preview Content */ = {
			isa = PBXGroup;
			children = (
				14A4A6462920B24000EF1C11 /* Preview Assets.xcassets */,
			);
			path = "Preview Content";
			sourceTree = "<group>";
		};
		14A4A6512920B43900EF1C11 /* Sounds */ = {
			isa = PBXGroup;
			children = (
				14A4A64E2920B43300EF1C11 /* chimeup.mp3 */,
				14A4A64D2920B43300EF1C11 /* success.m4a */,
			);
			path = Sounds;
			sourceTree = "<group>";
		};
		14A4A6522920B54800EF1C11 /* Screens */ = {
			isa = PBXGroup;
			children = (
				14A4A6412920B23E00EF1C11 /* ContentView.swift */,
				14A4A6592920BA7400EF1C11 /* OnboardingView.swift */,
				14A4A65B2920BA7F00EF1C11 /* HomeView.swift */,
				14F1E54A2928ABA200AAB80F /* CircleGroupView.swift */,
			);
			path = Screens;
			sourceTree = "<group>";
		};
		14A4A6532920B55D00EF1C11 /* Views */ = {
			isa = PBXGroup;
			children = (
			);
			path = Views;
			sourceTree = "<group>";
		};
		14A4A6542920B57600EF1C11 /* Utilities */ = {
			isa = PBXGroup;
			children = (
				145E481C2930A1700060647F /* AudioPlayer.swift */,
			);
			path = Utilities;
			sourceTree = "<group>";
		};
/* End PBXGroup section */

/* Begin PBXNativeTarget section */
		14A4A63B2920B23E00EF1C11 /* Restart */ = {
			isa = PBXNativeTarget;
			buildConfigurationList = 14A4A64A2920B24000EF1C11 /* Build configuration list for PBXNativeTarget "Restart" */;
			buildPhases = (
				14A4A6382920B23E00EF1C11 /* Sources */,
				14A4A6392920B23E00EF1C11 /* Frameworks */,
				14A4A63A2920B23E00EF1C11 /* Resources */,
			);
			buildRules = (
			);
			dependencies = (
			);
			name = Restart;
			productName = Restart;
			productReference = 14A4A63C2920B23E00EF1C11 /* Restart.app */;
			productType = "com.apple.product-type.application";
		};
/* End PBXNativeTarget section */

/* Begin PBXProject section */
		14A4A6342920B23E00EF1C11 /* Project object */ = {
			isa = PBXProject;
			attributes = {
				BuildIndependentTargetsInParallel = 1;
				LastSwiftUpdateCheck = 1400;
				LastUpgradeCheck = 1400;
				TargetAttributes = {
					14A4A63B2920B23E00EF1C11 = {
						CreatedOnToolsVersion = 14.0.1;
					};
				};
			};
			buildConfigurationList = 14A4A6372920B23E00EF1C11 /* Build configuration list for PBXProject "Restart" */;
			compatibilityVersion = "Xcode 14.0";
			developmentRegion = en;
			hasScannedForEncodings = 0;
			knownRegions = (
				en,
				Base,
			);
			mainGroup = 14A4A6332920B23E00EF1C11;
			productRefGroup = 14A4A63D2920B23E00EF1C11 /* Products */;
			projectDirPath = "";
			projectRoot = "";
			targets = (
				14A4A63B2920B23E00EF1C11 /* Restart */,
			);
		};
/* End PBXProject section */

/* Begin PBXResourcesBuildPhase section */
		14A4A63A2920B23E00EF1C11 /* Resources */ = {
			isa = PBXResourcesBuildPhase;
			buildActionMask = 2147483647;
			files = (
				14A4A6502920B43300EF1C11 /* chimeup.mp3 in Resources */,
				14A4A6472920B24000EF1C11 /* Preview Assets.xcassets in Resources */,
				14A4A64F2920B43300EF1C11 /* success.m4a in Resources */,
				14A4A6442920B24000EF1C11 /* Assets.xcassets in Resources */,
			);
			runOnlyForDeploymentPostprocessing = 0;
		};
/* End PBXResourcesBuildPhase section */

/* Begin PBXSourcesBuildPhase section */
		14A4A6382920B23E00EF1C11 /* Sources */ = {
			isa = PBXSourcesBuildPhase;
			buildActionMask = 2147483647;
			files = (
				14F1E54B2928ABA200AAB80F /* CircleGroupView.swift in Sources */,
				14A4A65A2920BA7400EF1C11 /* OnboardingView.swift in Sources */,
				14A4A65C2920BA7F00EF1C11 /* HomeView.swift in Sources */,
				14A4A6422920B23E00EF1C11 /* ContentView.swift in Sources */,
				14A4A6402920B23E00EF1C11 /* RestartApp.swift in Sources */,
				145E481D2930A1700060647F /* AudioPlayer.swift in Sources */,
			);
			runOnlyForDeploymentPostprocessing = 0;
		};
/* End PBXSourcesBuildPhase section */

/* Begin XCBuildConfiguration section */
		14A4A6482920B24000EF1C11 /* Debug */ = {
			isa = XCBuildConfiguration;
			buildSettings = {
				ALWAYS_SEARCH_USER_PATHS = NO;
				CLANG_ANALYZER_NONNULL = YES;
				CLANG_ANALYZER_NUMBER_OBJECT_CONVERSION = YES_AGGRESSIVE;
				CLANG_CXX_LANGUAGE_STANDARD = "gnu++20";
				CLANG_ENABLE_MODULES = YES;
				CLANG_ENABLE_OBJC_ARC = YES;
				CLANG_ENABLE_OBJC_WEAK = YES;
				CLANG_WARN_BLOCK_CAPTURE_AUTORELEASING = YES;
				CLANG_WARN_BOOL_CONVERSION = YES;
				CLANG_WARN_COMMA = YES;
				CLANG_WARN_CONSTANT_CONVERSION = YES;
				CLANG_WARN_DEPRECATED_OBJC_IMPLEMENTATIONS = YES;
				CLANG_WARN_DIRECT_OBJC_ISA_USAGE = YES_ERROR;
				CLANG_WARN_DOCUMENTATION_COMMENTS = YES;
				CLANG_WARN_EMPTY_BODY = YES;
				CLANG_WARN_ENUM_CONVERSION = YES;
				CLANG_WARN_INFINITE_RECURSION = YES;
				CLANG_WARN_INT_CONVERSION = YES;
				CLANG_WARN_NON_LITERAL_NULL_CONVERSION = YES;
				CLANG_WARN_OBJC_IMPLICIT_RETAIN_SELF = YES;
				CLANG_WARN_OBJC_LITERAL_CONVERSION = YES;
				CLANG_WARN_OBJC_ROOT_CLASS = YES_ERROR;
				CLANG_WARN_QUOTED_INCLUDE_IN_FRAMEWORK_HEADER = YES;
				CLANG_WARN_RANGE_LOOP_ANALYSIS = YES;
				CLANG_WARN_STRICT_PROTOTYPES = YES;
				CLANG_WARN_SUSPICIOUS_MOVE = YES;
				CLANG_WARN_UNGUARDED_AVAILABILITY = YES_AGGRESSIVE;
				CLANG_WARN_UNREACHABLE_CODE = YES;
				CLANG_WARN__DUPLICATE_METHOD_MATCH = YES;
				COPY_PHASE_STRIP = NO;
				DEBUG_INFORMATION_FORMAT = dwarf;
				ENABLE_STRICT_OBJC_MSGSEND = YES;
				ENABLE_TESTABILITY = YES;
				GCC_C_LANGUAGE_STANDARD = gnu11;
				GCC_DYNAMIC_NO_PIC = NO;
				GCC_NO_COMMON_BLOCKS = YES;
				GCC_OPTIMIZATION_LEVEL = 0;
				GCC_PREPROCESSOR_DEFINITIONS = (
					"DEBUG=1",
					"$(inherited)",
				);
				GCC_WARN_64_TO_32_BIT_CONVERSION = YES;
				GCC_WARN_ABOUT_RETURN_TYPE = YES_ERROR;
				GCC_WARN_UNDECLARED_SELECTOR = YES;
				GCC_WARN_UNINITIALIZED_AUTOS = YES_AGGRESSIVE;
				GCC_WARN_UNUSED_FUNCTION = YES;
				GCC_WARN_UNUSED_VARIABLE = YES;
				IPHONEOS_DEPLOYMENT_TARGET = 16.0;
				MTL_ENABLE_DEBUG_INFO = INCLUDE_SOURCE;
				MTL_FAST_MATH = YES;
				ONLY_ACTIVE_ARCH = YES;
				SDKROOT = iphoneos;
				SWIFT_ACTIVE_COMPILATION_CONDITIONS = DEBUG;
				SWIFT_OPTIMIZATION_LEVEL = "-Onone";
			};
			name = Debug;
		};
		14A4A6492920B24000EF1C11 /* Release */ = {
			isa = XCBuildConfiguration;
			buildSettings = {
				ALWAYS_SEARCH_USER_PATHS = NO;
				CLANG_ANALYZER_NONNULL = YES;
				CLANG_ANALYZER_NUMBER_OBJECT_CONVERSION = YES_AGGRESSIVE;
				CLANG_CXX_LANGUAGE_STANDARD = "gnu++20";
				CLANG_ENABLE_MODULES = YES;
				CLANG_ENABLE_OBJC_ARC = YES;
				CLANG_ENABLE_OBJC_WEAK = YES;
				CLANG_WARN_BLOCK_CAPTURE_AUTORELEASING = YES;
				CLANG_WARN_BOOL_CONVERSION = YES;
				CLANG_WARN_COMMA = YES;
				CLANG_WARN_CONSTANT_CONVERSION = YES;
				CLANG_WARN_DEPRECATED_OBJC_IMPLEMENTATIONS = YES;
				CLANG_WARN_DIRECT_OBJC_ISA_USAGE = YES_ERROR;
				CLANG_WARN_DOCUMENTATION_COMMENTS = YES;
				CLANG_WARN_EMPTY_BODY = YES;
				CLANG_WARN_ENUM_CONVERSION = YES;
				CLANG_WARN_INFINITE_RECURSION = YES;
				CLANG_WARN_INT_CONVERSION = YES;
				CLANG_WARN_NON_LITERAL_NULL_CONVERSION = YES;
				CLANG_WARN_OBJC_IMPLICIT_RETAIN_SELF = YES;
				CLANG_WARN_OBJC_LITERAL_CONVERSION = YES;
				CLANG_WARN_OBJC_ROOT_CLASS = YES_ERROR;
				CLANG_WARN_QUOTED_INCLUDE_IN_FRAMEWORK_HEADER = YES;
				CLANG_WARN_RANGE_LOOP_ANALYSIS = YES;
				CLANG_WARN_STRICT_PROTOTYPES = YES;
				CLANG_WARN_SUSPICIOUS_MOVE = YES;
				CLANG_WARN_UNGUARDED_AVAILABILITY = YES_AGGRESSIVE;
				CLANG_WARN_UNREACHABLE_CODE = YES;
				CLANG_WARN__DUPLICATE_METHOD_MATCH = YES;
				COPY_PHASE_STRIP = NO;
				DEBUG_INFORMATION_FORMAT = "dwarf-with-dsym";
				ENABLE_NS_ASSERTIONS = NO;
				ENABLE_STRICT_OBJC_MSGSEND = YES;
				GCC_C_LANGUAGE_STANDARD = gnu11;
				GCC_NO_COMMON_BLOCKS = YES;
				GCC_WARN_64_TO_32_BIT_CONVERSION = YES;
				GCC_WARN_ABOUT_RETURN_TYPE = YES_ERROR;
				GCC_WARN_UNDECLARED_SELECTOR = YES;
				GCC_WARN_UNINITIALIZED_AUTOS = YES_AGGRESSIVE;
				GCC_WARN_UNUSED_FUNCTION = YES;
				GCC_WARN_UNUSED_VARIABLE = YES;
				IPHONEOS_DEPLOYMENT_TARGET = 16.0;
				MTL_ENABLE_DEBUG_INFO = NO;
				MTL_FAST_MATH = YES;
				SDKROOT = iphoneos;
				SWIFT_COMPILATION_MODE = wholemodule;
				SWIFT_OPTIMIZATION_LEVEL = "-O";
				VALIDATE_PRODUCT = YES;
			};
			name = Release;
		};
		14A4A64B2920B24000EF1C11 /* Debug */ = {
			isa = XCBuildConfiguration;
			buildSettings = {
				ASSETCATALOG_COMPILER_APPICON_NAME = AppIcon;
				ASSETCATALOG_COMPILER_GLOBAL_ACCENT_COLOR_NAME = AccentColor;
				CODE_SIGN_STYLE = Automatic;
				CURRENT_PROJECT_VERSION = 1;
				DEVELOPMENT_ASSET_PATHS = "\"Restart/Preview Content\"";
				DEVELOPMENT_TEAM = 873GG57D8S;
				ENABLE_PREVIEWS = YES;
				GENERATE_INFOPLIST_FILE = YES;
				INFOPLIST_KEY_UIApplicationSceneManifest_Generation = YES;
				INFOPLIST_KEY_UIApplicationSupportsIndirectInputEvents = YES;
				INFOPLIST_KEY_UILaunchScreen_Generation = YES;
				INFOPLIST_KEY_UISupportedInterfaceOrientations = UIInterfaceOrientationPortrait;
				LD_RUNPATH_SEARCH_PATHS = (
					"$(inherited)",
					"@executable_path/Frameworks",
				);
				MARKETING_VERSION = 1.0;
				PRODUCT_BUNDLE_IDENTIFIER = com.adithyahnair.Restart;
				PRODUCT_NAME = "$(TARGET_NAME)";
				SWIFT_EMIT_LOC_STRINGS = YES;
				SWIFT_VERSION = 5.0;
				TARGETED_DEVICE_FAMILY = "1,2";
			};
			name = Debug;
		};
		14A4A64C2920B24000EF1C11 /* Release */ = {
			isa = XCBuildConfiguration;
			buildSettings = {
				ASSETCATALOG_COMPILER_APPICON_NAME = AppIcon;
				ASSETCATALOG_COMPILER_GLOBAL_ACCENT_COLOR_NAME = AccentColor;
				CODE_SIGN_STYLE = Automatic;
				CURRENT_PROJECT_VERSION = 1;
				DEVELOPMENT_ASSET_PATHS = "\"Restart/Preview Content\"";
				DEVELOPMENT_TEAM = 873GG57D8S;
				ENABLE_PREVIEWS = YES;
				GENERATE_INFOPLIST_FILE = YES;
				INFOPLIST_KEY_UIApplicationSceneManifest_Generation = YES;
				INFOPLIST_KEY_UIApplicationSupportsIndirectInputEvents = YES;
				INFOPLIST_KEY_UILaunchScreen_Generation = YES;
				INFOPLIST_KEY_UISupportedInterfaceOrientations = UIInterfaceOrientationPortrait;
				LD_RUNPATH_SEARCH_PATHS = (
					"$(inherited)",
					"@executable_path/Frameworks",
				);
				MARKETING_VERSION = 1.0;
				PRODUCT_BUNDLE_IDENTIFIER = com.adithyahnair.Restart;
				PRODUCT_NAME = "$(TARGET_NAME)";
				SWIFT_EMIT_LOC_STRINGS = YES;
				SWIFT_VERSION = 5.0;
				TARGETED_DEVICE_FAMILY = "1,2";
			};
			name = Release;
		};
/* End XCBuildConfiguration section */

/* Begin XCConfigurationList section */
		14A4A6372920B23E00EF1C11 /* Build configuration list for PBXProject "Restart" */ = {
			isa = XCConfigurationList;
			buildConfigurations = (
				14A4A6482920B24000EF1C11 /* Debug */,
				14A4A6492920B24000EF1C11 /* Release */,
			);
			defaultConfigurationIsVisible = 0;
			defaultConfigurationName = Release;
		};
		14A4A64A2920B24000EF1C11 /* Build configuration list for PBXNativeTarget "Restart" */ = {
			isa = XCConfigurationList;
			buildConfigurations = (
				14A4A64B2920B24000EF1C11 /* Debug */,
				14A4A64C2920B24000EF1C11 /* Release */,
			);
			defaultConfigurationIsVisible = 0;
			defaultConfigurationName = Release;
		};
/* End XCConfigurationList section */
	};
	rootObject = 14A4A6342920B23E00EF1C11 /* Project object */;
}
